
Microsoft Visual Studio Solution File, Format Version 12.00
# Visual Studio 15
VisualStudioVersion = 15.0.26124.0
MinimumVisualStudioVersion = 15.0.26124.0
Project("{2150E333-8FDC-42A3-9474-1A3956D46DE8}") = "src", "src", "{BD9A5144-C6A1-400E-9ECB-5EB5EE1E8B86}"
EndProject
Project("{FAE04EC0-301F-11D3-BF4B-00C04F79EFBC}") = "Actio.Api", "src\Actio.Api\Actio.Api.csproj", "{06F1FE2F-A551-45D4-AF6B-E7F6C0E72FEB}"
EndProject
Project("{FAE04EC0-301F-11D3-BF4B-00C04F79EFBC}") = "Actio.Common", "src\Actio.Common\Actio.Common.csproj", "{69930BF1-DBE0-45B9-99CE-1ABED85CB19B}"
EndProject
Project("{FAE04EC0-301F-11D3-BF4B-00C04F79EFBC}") = "Actio.Services.Identity", "src\Actio.Services.Identity\Actio.Services.Identity.csproj", "{CAB91038-F79C-499B-833E-52F9A0AA47AB}"
EndProject
Project("{FAE04EC0-301F-11D3-BF4B-00C04F79EFBC}") = "Actio.Services.Activities", "src\Actio.Services.Activities\Actio.Services.Activities.csproj", "{A2231B6F-099C-4AEF-9861-CD447C64A7A6}"
EndProject
Global
	GlobalSection(SolutionConfigurationPlatforms) = preSolution
		Debug|Any CPU = Debug|Any CPU
		Debug|x64 = Debug|x64
		Debug|x86 = Debug|x86
		Release|Any CPU = Release|Any CPU
		Release|x64 = Release|x64
		Release|x86 = Release|x86
	EndGlobalSection
	GlobalSection(SolutionProperties) = preSolution
		HideSolutionNode = FALSE
	EndGlobalSection
	GlobalSection(ProjectConfigurationPlatforms) = postSolution
		{06F1FE2F-A551-45D4-AF6B-E7F6C0E72FEB}.Debug|Any CPU.ActiveCfg = Debug|Any CPU
		{06F1FE2F-A551-45D4-AF6B-E7F6C0E72FEB}.Debug|Any CPU.Build.0 = Debug|Any CPU
		{06F1FE2F-A551-45D4-AF6B-E7F6C0E72FEB}.Debug|x64.ActiveCfg = Debug|Any CPU
		{06F1FE2F-A551-45D4-AF6B-E7F6C0E72FEB}.Debug|x64.Build.0 = Debug|Any CPU
		{06F1FE2F-A551-45D4-AF6B-E7F6C0E72FEB}.Debug|x86.ActiveCfg = Debug|Any CPU
		{06F1FE2F-A551-45D4-AF6B-E7F6C0E72FEB}.Debug|x86.Build.0 = Debug|Any CPU
		{06F1FE2F-A551-45D4-AF6B-E7F6C0E72FEB}.Release|Any CPU.ActiveCfg = Release|Any CPU
		{06F1FE2F-A551-45D4-AF6B-E7F6C0E72FEB}.Release|Any CPU.Build.0 = Release|Any CPU
		{06F1FE2F-A551-45D4-AF6B-E7F6C0E72FEB}.Release|x64.ActiveCfg = Release|Any CPU
		{06F1FE2F-A551-45D4-AF6B-E7F6C0E72FEB}.Release|x64.Build.0 = Release|Any CPU
		{06F1FE2F-A551-45D4-AF6B-E7F6C0E72FEB}.Release|x86.ActiveCfg = Release|Any CPU
		{06F1FE2F-A551-45D4-AF6B-E7F6C0E72FEB}.Release|x86.Build.0 = Release|Any CPU
		{69930BF1-DBE0-45B9-99CE-1ABED85CB19B}.Debug|Any CPU.ActiveCfg = Debug|Any CPU
		{69930BF1-DBE0-45B9-99CE-1ABED85CB19B}.Debug|Any CPU.Build.0 = Debug|Any CPU
		{69930BF1-DBE0-45B9-99CE-1ABED85CB19B}.Debug|x64.ActiveCfg = Debug|Any CPU
		{69930BF1-DBE0-45B9-99CE-1ABED85CB19B}.Debug|x64.Build.0 = Debug|Any CPU
		{69930BF1-DBE0-45B9-99CE-1ABED85CB19B}.Debug|x86.ActiveCfg = Debug|Any CPU
		{69930BF1-DBE0-45B9-99CE-1ABED85CB19B}.Debug|x86.Build.0 = Debug|Any CPU
		{69930BF1-DBE0-45B9-99CE-1ABED85CB19B}.Release|Any CPU.ActiveCfg = Release|Any CPU
		{69930BF1-DBE0-45B9-99CE-1ABED85CB19B}.Release|Any CPU.Build.0 = Release|Any CPU
		{69930BF1-DBE0-45B9-99CE-1ABED85CB19B}.Release|x64.ActiveCfg = Release|Any CPU
		{69930BF1-DBE0-45B9-99CE-1ABED85CB19B}.Release|x64.Build.0 = Release|Any CPU
		{69930BF1-DBE0-45B9-99CE-1ABED85CB19B}.Release|x86.ActiveCfg = Release|Any CPU
		{69930BF1-DBE0-45B9-99CE-1ABED85CB19B}.Release|x86.Build.0 = Release|Any CPU
		{CAB91038-F79C-499B-833E-52F9A0AA47AB}.Debug|Any CPU.ActiveCfg = Debug|Any CPU
		{CAB91038-F79C-499B-833E-52F9A0AA47AB}.Debug|Any CPU.Build.0 = Debug|Any CPU
		{CAB91038-F79C-499B-833E-52F9A0AA47AB}.Debug|x64.ActiveCfg = Debug|Any CPU
		{CAB91038-F79C-499B-833E-52F9A0AA47AB}.Debug|x64.Build.0 = Debug|Any CPU
		{CAB91038-F79C-499B-833E-52F9A0AA47AB}.Debug|x86.ActiveCfg = Debug|Any CPU
		{CAB91038-F79C-499B-833E-52F9A0AA47AB}.Debug|x86.Build.0 = Debug|Any CPU
		{CAB91038-F79C-499B-833E-52F9A0AA47AB}.Release|Any CPU.ActiveCfg = Release|Any CPU
		{CAB91038-F79C-499B-833E-52F9A0AA47AB}.Release|Any CPU.Build.0 = Release|Any CPU
		{CAB91038-F79C-499B-833E-52F9A0AA47AB}.Release|x64.ActiveCfg = Release|Any CPU
		{CAB91038-F79C-499B-833E-52F9A0AA47AB}.Release|x64.Build.0 = Release|Any CPU
		{CAB91038-F79C-499B-833E-52F9A0AA47AB}.Release|x86.ActiveCfg = Release|Any CPU
		{CAB91038-F79C-499B-833E-52F9A0AA47AB}.Release|x86.Build.0 = Release|Any CPU
		{A2231B6F-099C-4AEF-9861-CD447C64A7A6}.Debug|Any CPU.ActiveCfg = Debug|Any CPU
		{A2231B6F-099C-4AEF-9861-CD447C64A7A6}.Debug|Any CPU.Build.0 = Debug|Any CPU
		{A2231B6F-099C-4AEF-9861-CD447C64A7A6}.Debug|x64.ActiveCfg = Debug|Any CPU
		{A2231B6F-099C-4AEF-9861-CD447C64A7A6}.Debug|x64.Build.0 = Debug|Any CPU
		{A2231B6F-099C-4AEF-9861-CD447C64A7A6}.Debug|x86.ActiveCfg = Debug|Any CPU
		{A2231B6F-099C-4AEF-9861-CD447C64A7A6}.Debug|x86.Build.0 = Debug|Any CPU
		{A2231B6F-099C-4AEF-9861-CD447C64A7A6}.Release|Any CPU.ActiveCfg = Release|Any CPU
		{A2231B6F-099C-4AEF-9861-CD447C64A7A6}.Release|Any CPU.Build.0 = Release|Any CPU
		{A2231B6F-099C-4AEF-9861-CD447C64A7A6}.Release|x64.ActiveCfg = Release|Any CPU
		{A2231B6F-099C-4AEF-9861-CD447C64A7A6}.Release|x64.Build.0 = Release|Any CPU
		{A2231B6F-099C-4AEF-9861-CD447C64A7A6}.Release|x86.ActiveCfg = Release|Any CPU
		{A2231B6F-099C-4AEF-9861-CD447C64A7A6}.Release|x86.Build.0 = Release|Any CPU
	EndGlobalSection
	GlobalSection(NestedProjects) = preSolution
		{06F1FE2F-A551-45D4-AF6B-E7F6C0E72FEB} = {BD9A5144-C6A1-400E-9ECB-5EB5EE1E8B86}
		{69930BF1-DBE0-45B9-99CE-1ABED85CB19B} = {BD9A5144-C6A1-400E-9ECB-5EB5EE1E8B86}
		{CAB91038-F79C-499B-833E-52F9A0AA47AB} = {BD9A5144-C6A1-400E-9ECB-5EB5EE1E8B86}
		{A2231B6F-099C-4AEF-9861-CD447C64A7A6} = {BD9A5144-C6A1-400E-9ECB-5EB5EE1E8B86}
	EndGlobalSection
EndGlobal
